
Microsoft Visual Studio Solution File, Format Version 11.00
# Visual Studio 2010
Project("{FAE04EC0-301F-11D3-BF4B-00C04F79EFBC}") = "SpriteKitPhysicsDemo", "SpriteKitPhysicsDemo\SpriteKitPhysicsDemo.csproj", "{1943938F-F788-4395-A0C1-8774561E0F16}"
EndProject
Global
	GlobalSection(SolutionConfigurationPlatforms) = preSolution
		Debug|iPhoneSimulator = Debug|iPhoneSimulator
		Release|iPhoneSimulator = Release|iPhoneSimulator
		Debug|iPhone = Debug|iPhone
		Release|iPhone = Release|iPhone
		Ad-Hoc|iPhone = Ad-Hoc|iPhone
		AppStore|iPhone = AppStore|iPhone
	EndGlobalSection
	GlobalSection(ProjectConfigurationPlatforms) = postSolution
		{1943938F-F788-4395-A0C1-8774561E0F16}.Ad-Hoc|iPhone.ActiveCfg = Ad-Hoc|iPhone
		{1943938F-F788-4395-A0C1-8774561E0F16}.Ad-Hoc|iPhone.Build.0 = Ad-Hoc|iPhone
		{1943938F-F788-4395-A0C1-8774561E0F16}.AppStore|iPhone.ActiveCfg = AppStore|iPhone
		{1943938F-F788-4395-A0C1-8774561E0F16}.AppStore|iPhone.Build.0 = AppStore|iPhone
		{1943938F-F788-4395-A0C1-8774561E0F16}.Debug|iPhone.ActiveCfg = Debug|iPhone
		{1943938F-F788-4395-A0C1-8774561E0F16}.Debug|iPhone.Build.0 = Debug|iPhone
		{1943938F-F788-4395-A0C1-8774561E0F16}.Debug|iPhoneSimulator.ActiveCfg = Debug|iPhoneSimulator
		{1943938F-F788-4395-A0C1-8774561E0F16}.Debug|iPhoneSimulator.Build.0 = Debug|iPhoneSimulator
		{1943938F-F788-4395-A0C1-8774561E0F16}.Release|iPhone.ActiveCfg = Release|iPhone
		{1943938F-F788-4395-A0C1-8774561E0F16}.Release|iPhone.Build.0 = Release|iPhone
		{1943938F-F788-4395-A0C1-8774561E0F16}.Release|iPhoneSimulator.ActiveCfg = Release|iPhoneSimulator
		{1943938F-F788-4395-A0C1-8774561E0F16}.Release|iPhoneSimulator.Build.0 = Release|iPhoneSimulator
	EndGlobalSection
	GlobalSection(MonoDevelopProperties) = preSolution
		StartupItem = SpriteKitPhysicsDemo\SpriteKitPhysicsDemo.csproj
	EndGlobalSection
EndGlobal
